// !$*UTF8*$!
{
	archiveVersion = 1;
	classes = {
	};
	objectVersion = 46;
	objects = {

/* Begin PBXBuildFile section */
		276D82401D66D6E9008F8992 /* AppDelegate.swift in Sources */ = {isa = PBXBuildFile; fileRef = 276D823F1D66D6E9008F8992 /* AppDelegate.swift */; };
		276D82421D66D6E9008F8992 /* ViewController.swift in Sources */ = {isa = PBXBuildFile; fileRef = 276D82411D66D6E9008F8992 /* ViewController.swift */; };
		276D82451D66D6E9008F8992 /* Main.storyboard in Resources */ = {isa = PBXBuildFile; fileRef = 276D82431D66D6E9008F8992 /* Main.storyboard */; };
		276D82471D66D6E9008F8992 /* Assets.xcassets in Resources */ = {isa = PBXBuildFile; fileRef = 276D82461D66D6E9008F8992 /* Assets.xcassets */; };
		276D824A1D66D6E9008F8992 /* LaunchScreen.storyboard in Resources */ = {isa = PBXBuildFile; fileRef = 276D82481D66D6E9008F8992 /* LaunchScreen.storyboard */; };
		276D82551D66D6E9008F8992 /* maskViewTests.swift in Sources */ = {isa = PBXBuildFile; fileRef = 276D82541D66D6E9008F8992 /* maskViewTests.swift */; };
		276D82601D66D6E9008F8992 /* maskViewUITests.swift in Sources */ = {isa = PBXBuildFile; fileRef = 276D825F1D66D6E9008F8992 /* maskViewUITests.swift */; };
		276D82B21D68A625008F8992 /* UIImageExtension.swift in Sources */ = {isa = PBXBuildFile; fileRef = 276D82B11D68A625008F8992 /* UIImageExtension.swift */; };
		276D82B51D68A951008F8992 /* MaskView.swift in Sources */ = {isa = PBXBuildFile; fileRef = 276D82B41D68A951008F8992 /* MaskView.swift */; };
/* End PBXBuildFile section */

/* Begin PBXContainerItemProxy section */
		276D82511D66D6E9008F8992 /* PBXContainerItemProxy */ = {
			isa = PBXContainerItemProxy;
			containerPortal = 276D82341D66D6E9008F8992 /* Project object */;
			proxyType = 1;
			remoteGlobalIDString = 276D823B1D66D6E9008F8992;
			remoteInfo = maskView;
		};
		276D825C1D66D6E9008F8992 /* PBXContainerItemProxy */ = {
			isa = PBXContainerItemProxy;
			containerPortal = 276D82341D66D6E9008F8992 /* Project object */;
			proxyType = 1;
			remoteGlobalIDString = 276D823B1D66D6E9008F8992;
			remoteInfo = maskView;
		};
/* End PBXContainerItemProxy section */

/* Begin PBXFileReference section */
		276D823C1D66D6E9008F8992 /* maskView.app */ = {isa = PBXFileReference; explicitFileType = wrapper.application; includeInIndex = 0; path = maskView.app; sourceTree = BUILT_PRODUCTS_DIR; };
		276D823F1D66D6E9008F8992 /* AppDelegate.swift */ = {isa = PBXFileReference; lastKnownFileType = sourcecode.swift; path = AppDelegate.swift; sourceTree = "<group>"; };
		276D82411D66D6E9008F8992 /* ViewController.swift */ = {isa = PBXFileReference; lastKnownFileType = sourcecode.swift; path = ViewController.swift; sourceTree = "<group>"; };
		276D82441D66D6E9008F8992 /* Base */ = {isa = PBXFileReference; lastKnownFileType = file.storyboard; name = Base; path = Base.lproj/Main.storyboard; sourceTree = "<group>"; };
		276D82461D66D6E9008F8992 /* Assets.xcassets */ = {isa = PBXFileReference; lastKnownFileType = folder.assetcatalog; path = Assets.xcassets; sourceTree = "<group>"; };
		276D82491D66D6E9008F8992 /* Base */ = {isa = PBXFileReference; lastKnownFileType = file.storyboard; name = Base; path = Base.lproj/LaunchScreen.storyboard; sourceTree = "<group>"; };
		276D824B1D66D6E9008F8992 /* Info.plist */ = {isa = PBXFileReference; lastKnownFileType = text.plist.xml; path = Info.plist; sourceTree = "<group>"; };
		276D82501D66D6E9008F8992 /* maskViewTests.xctest */ = {isa = PBXFileReference; explicitFileType = wrapper.cfbundle; includeInIndex = 0; path = maskViewTests.xctest; sourceTree = BUILT_PRODUCTS_DIR; };
		276D82541D66D6E9008F8992 /* maskViewTests.swift */ = {isa = PBXFileReference; lastKnownFileType = sourcecode.swift; path = maskViewTests.swift; sourceTree = "<group>"; };
		276D82561D66D6E9008F8992 /* Info.plist */ = {isa = PBXFileReference; lastKnownFileType = text.plist.xml; path = Info.plist; sourceTree = "<group>"; };
		276D825B1D66D6E9008F8992 /* maskViewUITests.xctest */ = {isa = PBXFileReference; explicitFileType = wrapper.cfbundle; includeInIndex = 0; path = maskViewUITests.xctest; sourceTree = BUILT_PRODUCTS_DIR; };
		276D825F1D66D6E9008F8992 /* maskViewUITests.swift */ = {isa = PBXFileReference; lastKnownFileType = sourcecode.swift; path = maskViewUITests.swift; sourceTree = "<group>"; };
		276D82611D66D6E9008F8992 /* Info.plist */ = {isa = PBXFileReference; lastKnownFileType = text.plist.xml; path = Info.plist; sourceTree = "<group>"; };
		276D82B11D68A625008F8992 /* UIImageExtension.swift */ = {isa = PBXFileReference; fileEncoding = 4; lastKnownFileType = sourcecode.swift; path = UIImageExtension.swift; sourceTree = "<group>"; };
		276D82B41D68A951008F8992 /* MaskView.swift */ = {isa = PBXFileReference; fileEncoding = 4; lastKnownFileType = sourcecode.swift; name = MaskView.swift; path = Class/MaskView.swift; sourceTree = "<group>"; };
/* End PBXFileReference section */

/* Begin PBXFrameworksBuildPhase section */
		276D82391D66D6E9008F8992 /* Frameworks */ = {
			isa = PBXFrameworksBuildPhase;
			buildActionMask = 2147483647;
			files = (
			);
			runOnlyForDeploymentPostprocessing = 0;
		};
		276D824D1D66D6E9008F8992 /* Frameworks */ = {
			isa = PBXFrameworksBuildPhase;
			buildActionMask = 2147483647;
			files = (
			);
			runOnlyForDeploymentPostprocessing = 0;
		};
		276D82581D66D6E9008F8992 /* Frameworks */ = {
			isa = PBXFrameworksBuildPhase;
			buildActionMask = 2147483647;
			files = (
			);
			runOnlyForDeploymentPostprocessing = 0;
		};
/* End PBXFrameworksBuildPhase section */

/* Begin PBXGroup section */
		276D82331D66D6E9008F8992 = {
			isa = PBXGroup;
			children = (
				276D823E1D66D6E9008F8992 /* maskView */,
				276D82531D66D6E9008F8992 /* maskViewTests */,
				276D825E1D66D6E9008F8992 /* maskViewUITests */,
				276D823D1D66D6E9008F8992 /* Products */,
			);
			sourceTree = "<group>";
		};
		276D823D1D66D6E9008F8992 /* Products */ = {
			isa = PBXGroup;
			children = (
				276D823C1D66D6E9008F8992 /* maskView.app */,
				276D82501D66D6E9008F8992 /* maskViewTests.xctest */,
				276D825B1D66D6E9008F8992 /* maskViewUITests.xctest */,
			);
			name = Products;
			sourceTree = "<group>";
		};
		276D823E1D66D6E9008F8992 /* maskView */ = {
			isa = PBXGroup;
			children = (
				276D82B31D68A92A008F8992 /* Class */,
				276D823F1D66D6E9008F8992 /* AppDelegate.swift */,
				276D82411D66D6E9008F8992 /* ViewController.swift */,
				276D82431D66D6E9008F8992 /* Main.storyboard */,
				276D82461D66D6E9008F8992 /* Assets.xcassets */,
				276D82481D66D6E9008F8992 /* LaunchScreen.storyboard */,
				276D824B1D66D6E9008F8992 /* Info.plist */,
				276D82B11D68A625008F8992 /* UIImageExtension.swift */,
			);
			path = maskView;
			sourceTree = "<group>";
		};
		276D82531D66D6E9008F8992 /* maskViewTests */ = {
			isa = PBXGroup;
			children = (
				276D82541D66D6E9008F8992 /* maskViewTests.swift */,
				276D82561D66D6E9008F8992 /* Info.plist */,
			);
			path = maskViewTests;
			sourceTree = "<group>";
		};
		276D825E1D66D6E9008F8992 /* maskViewUITests */ = {
			isa = PBXGroup;
			children = (
				276D825F1D66D6E9008F8992 /* maskViewUITests.swift */,
				276D82611D66D6E9008F8992 /* Info.plist */,
			);
			path = maskViewUITests;
			sourceTree = "<group>";
		};
		276D82B31D68A92A008F8992 /* Class */ = {
			isa = PBXGroup;
			children = (
				276D82B41D68A951008F8992 /* MaskView.swift */,
			);
			name = Class;
			sourceTree = "<group>";
		};
/* End PBXGroup section */

/* Begin PBXNativeTarget section */
		276D823B1D66D6E9008F8992 /* maskView */ = {
			isa = PBXNativeTarget;
			buildConfigurationList = 276D82641D66D6E9008F8992 /* Build configuration list for PBXNativeTarget "maskView" */;
			buildPhases = (
				276D82381D66D6E9008F8992 /* Sources */,
				276D82391D66D6E9008F8992 /* Frameworks */,
				276D823A1D66D6E9008F8992 /* Resources */,
			);
			buildRules = (
			);
			dependencies = (
			);
			name = maskView;
			productName = maskView;
			productReference = 276D823C1D66D6E9008F8992 /* maskView.app */;
			productType = "com.apple.product-type.application";
		};
		276D824F1D66D6E9008F8992 /* maskViewTests */ = {
			isa = PBXNativeTarget;
			buildConfigurationList = 276D82671D66D6E9008F8992 /* Build configuration list for PBXNativeTarget "maskViewTests" */;
			buildPhases = (
				276D824C1D66D6E9008F8992 /* Sources */,
				276D824D1D66D6E9008F8992 /* Frameworks */,
				276D824E1D66D6E9008F8992 /* Resources */,
			);
			buildRules = (
			);
			dependencies = (
				276D82521D66D6E9008F8992 /* PBXTargetDependency */,
			);
			name = maskViewTests;
			productName = maskViewTests;
			productReference = 276D82501D66D6E9008F8992 /* maskViewTests.xctest */;
			productType = "com.apple.product-type.bundle.unit-test";
		};
		276D825A1D66D6E9008F8992 /* maskViewUITests */ = {
			isa = PBXNativeTarget;
			buildConfigurationList = 276D826A1D66D6E9008F8992 /* Build configuration list for PBXNativeTarget "maskViewUITests" */;
			buildPhases = (
				276D82571D66D6E9008F8992 /* Sources */,
				276D82581D66D6E9008F8992 /* Frameworks */,
				276D82591D66D6E9008F8992 /* Resources */,
			);
			buildRules = (
			);
			dependencies = (
				276D825D1D66D6E9008F8992 /* PBXTargetDependency */,
			);
			name = maskViewUITests;
			productName = maskViewUITests;
			productReference = 276D825B1D66D6E9008F8992 /* maskViewUITests.xctest */;
			productType = "com.apple.product-type.bundle.ui-testing";
		};
/* End PBXNativeTarget section */

/* Begin PBXProject section */
		276D82341D66D6E9008F8992 /* Project object */ = {
			isa = PBXProject;
			attributes = {
				LastSwiftUpdateCheck = 0730;
				LastUpgradeCheck = 0730;
				ORGANIZATIONNAME = zkhCreator;
				TargetAttributes = {
					276D823B1D66D6E9008F8992 = {
						CreatedOnToolsVersion = 7.3.1;
						DevelopmentTeam = 2322UT7HH9;
					};
					276D824F1D66D6E9008F8992 = {
						CreatedOnToolsVersion = 7.3.1;
						DevelopmentTeam = 2322UT7HH9;
						TestTargetID = 276D823B1D66D6E9008F8992;
					};
					276D825A1D66D6E9008F8992 = {
						CreatedOnToolsVersion = 7.3.1;
						DevelopmentTeam = 2322UT7HH9;
						TestTargetID = 276D823B1D66D6E9008F8992;
					};
				};
			};
			buildConfigurationList = 276D82371D66D6E9008F8992 /* Build configuration list for PBXProject "maskView" */;
			compatibilityVersion = "Xcode 3.2";
			developmentRegion = English;
			hasScannedForEncodings = 0;
			knownRegions = (
				en,
				Base,
			);
			mainGroup = 276D82331D66D6E9008F8992;
			productRefGroup = 276D823D1D66D6E9008F8992 /* Products */;
			projectDirPath = "";
			projectRoot = "";
			targets = (
				276D823B1D66D6E9008F8992 /* maskView */,
				276D824F1D66D6E9008F8992 /* maskViewTests */,
				276D825A1D66D6E9008F8992 /* maskViewUITests */,
			);
		};
/* End PBXProject section */

/* Begin PBXResourcesBuildPhase section */
		276D823A1D66D6E9008F8992 /* Resources */ = {
			isa = PBXResourcesBuildPhase;
			buildActionMask = 2147483647;
			files = (
				276D824A1D66D6E9008F8992 /* LaunchScreen.storyboard in Resources */,
				276D82471D66D6E9008F8992 /* Assets.xcassets in Resources */,
				276D82451D66D6E9008F8992 /* Main.storyboard in Resources */,
			);
			runOnlyForDeploymentPostprocessing = 0;
		};
		276D824E1D66D6E9008F8992 /* Resources */ = {
			isa = PBXResourcesBuildPhase;
			buildActionMask = 2147483647;
			files = (
			);
			runOnlyForDeploymentPostprocessing = 0;
		};
		276D82591D66D6E9008F8992 /* Resources */ = {
			isa = PBXResourcesBuildPhase;
			buildActionMask = 2147483647;
			files = (
			);
			runOnlyForDeploymentPostprocessing = 0;
		};
/* End PBXResourcesBuildPhase section */

/* Begin PBXSourcesBuildPhase section */
		276D82381D66D6E9008F8992 /* Sources */ = {
			isa = PBXSourcesBuildPhase;
			buildActionMask = 2147483647;
			files = (
				276D82B51D68A951008F8992 /* MaskView.swift in Sources */,
				276D82421D66D6E9008F8992 /* ViewController.swift in Sources */,
				276D82401D66D6E9008F8992 /* AppDelegate.swift in Sources */,
				276D82B21D68A625008F8992 /* UIImageExtension.swift in Sources */,
			);
			runOnlyForDeploymentPostprocessing = 0;
		};
		276D824C1D66D6E9008F8992 /* Sources */ = {
			isa = PBXSourcesBuildPhase;
			buildActionMask = 2147483647;
			files = (
				276D82551D66D6E9008F8992 /* maskViewTests.swift in Sources */,
			);
			runOnlyForDeploymentPostprocessing = 0;
		};
		276D82571D66D6E9008F8992 /* Sources */ = {
			isa = PBXSourcesBuildPhase;
			buildActionMask = 2147483647;
			files = (
				276D82601D66D6E9008F8992 /* maskViewUITests.swift in Sources */,
			);
			runOnlyForDeploymentPostprocessing = 0;
		};
/* End PBXSourcesBuildPhase section */

/* Begin PBXTargetDependency section */
		276D82521D66D6E9008F8992 /* PBXTargetDependency */ = {
			isa = PBXTargetDependency;
			target = 276D823B1D66D6E9008F8992 /* maskView */;
			targetProxy = 276D82511D66D6E9008F8992 /* PBXContainerItemProxy */;
		};
		276D825D1D66D6E9008F8992 /* PBXTargetDependency */ = {
			isa = PBXTargetDependency;
			target = 276D823B1D66D6E9008F8992 /* maskView */;
			targetProxy = 276D825C1D66D6E9008F8992 /* PBXContainerItemProxy */;
		};
/* End PBXTargetDependency section */

/* Begin PBXVariantGroup section */
		276D82431D66D6E9008F8992 /* Main.storyboard */ = {
			isa = PBXVariantGroup;
			children = (
				276D82441D66D6E9008F8992 /* Base */,
			);
			name = Main.storyboard;
			sourceTree = "<group>";
		};
		276D82481D66D6E9008F8992 /* LaunchScreen.storyboard */ = {
			isa = PBXVariantGroup;
			children = (
				276D82491D66D6E9008F8992 /* Base */,
			);
			name = LaunchScreen.storyboard;
			sourceTree = "<group>";
		};
/* End PBXVariantGroup section */

/* Begin XCBuildConfiguration section */
		276D82621D66D6E9008F8992 /* Debug */ = {
			isa = XCBuildConfiguration;
			buildSettings = {
				ALWAYS_SEARCH_USER_PATHS = NO;
				CLANG_ANALYZER_NONNULL = YES;
				CLANG_CXX_LANGUAGE_STANDARD = "gnu++0x";
				CLANG_CXX_LIBRARY = "libc++";
				CLANG_ENABLE_MODULES = YES;
				CLANG_ENABLE_OBJC_ARC = YES;
				CLANG_WARN_BOOL_CONVERSION = YES;
				CLANG_WARN_CONSTANT_CONVERSION = YES;
				CLANG_WARN_DIRECT_OBJC_ISA_USAGE = YES_ERROR;
				CLANG_WARN_EMPTY_BODY = YES;
				CLANG_WARN_ENUM_CONVERSION = YES;
				CLANG_WARN_INT_CONVERSION = YES;
				CLANG_WARN_OBJC_ROOT_CLASS = YES_ERROR;
				CLANG_WARN_UNREACHABLE_CODE = YES;
				CLANG_WARN__DUPLICATE_METHOD_MATCH = YES;
				"CODE_SIGN_IDENTITY[sdk=iphoneos*]" = "iPhone Developer";
				COPY_PHASE_STRIP = NO;
				DEBUG_INFORMATION_FORMAT = dwarf;
				ENABLE_STRICT_OBJC_MSGSEND = YES;
				ENABLE_TESTABILITY = YES;
				GCC_C_LANGUAGE_STANDARD = gnu99;
				GCC_DYNAMIC_NO_PIC = NO;
				GCC_NO_COMMON_BLOCKS = YES;
				GCC_OPTIMIZATION_LEVEL = 0;
				GCC_PREPROCESSOR_DEFINITIONS = (
					"DEBUG=1",
					"$(inherited)",
				);
				GCC_WARN_64_TO_32_BIT_CONVERSION = YES;
				GCC_WARN_ABOUT_RETURN_TYPE = YES_ERROR;
				GCC_WARN_UNDECLARED_SELECTOR = YES;
				GCC_WARN_UNINITIALIZED_AUTOS = YES_AGGRESSIVE;
				GCC_WARN_UNUSED_FUNCTION = YES;
				GCC_WARN_UNUSED_VARIABLE = YES;
				IPHONEOS_DEPLOYMENT_TARGET = 9.3;
				MTL_ENABLE_DEBUG_INFO = YES;
				ONLY_ACTIVE_ARCH = YES;
				SDKROOT = iphoneos;
				SWIFT_OPTIMIZATION_LEVEL = "-Onone";
				TARGETED_DEVICE_FAMILY = "1,2";
			};
			name = Debug;
		};
		276D82631D66D6E9008F8992 /* Release */ = {
			isa = XCBuildConfiguration;
			buildSettings = {
				ALWAYS_SEARCH_USER_PATHS = NO;
				CLANG_ANALYZER_NONNULL = YES;
				CLANG_CXX_LANGUAGE_STANDARD = "gnu++0x";
				CLANG_CXX_LIBRARY = "libc++";
				CLANG_ENABLE_MODULES = YES;
				CLANG_ENABLE_OBJC_ARC = YES;
				CLANG_WARN_BOOL_CONVERSION = YES;
				CLANG_WARN_CONSTANT_CONVERSION = YES;
				CLANG_WARN_DIRECT_OBJC_ISA_USAGE = YES_ERROR;
				CLANG_WARN_EMPTY_BODY = YES;
				CLANG_WARN_ENUM_CONVERSION = YES;
				CLANG_WARN_INT_CONVERSION = YES;
				CLANG_WARN_OBJC_ROOT_CLASS = YES_ERROR;
				CLANG_WARN_UNREACHABLE_CODE = YES;
				CLANG_WARN__DUPLICATE_METHOD_MATCH = YES;
				"CODE_SIGN_IDENTITY[sdk=iphoneos*]" = "iPhone Developer";
				COPY_PHASE_STRIP = NO;
				DEBUG_INFORMATION_FORMAT = "dwarf-with-dsym";
				ENABLE_NS_ASSERTIONS = NO;
				ENABLE_STRICT_OBJC_MSGSEND = YES;
				GCC_C_LANGUAGE_STANDARD = gnu99;
				GCC_NO_COMMON_BLOCKS = YES;
				GCC_WARN_64_TO_32_BIT_CONVERSION = YES;
				GCC_WARN_ABOUT_RETURN_TYPE = YES_ERROR;
				GCC_WARN_UNDECLARED_SELECTOR = YES;
				GCC_WARN_UNINITIALIZED_AUTOS = YES_AGGRESSIVE;
				GCC_WARN_UNUSED_FUNCTION = YES;
				GCC_WARN_UNUSED_VARIABLE = YES;
				IPHONEOS_DEPLOYMENT_TARGET = 9.3;
				MTL_ENABLE_DEBUG_INFO = NO;
				SDKROOT = iphoneos;
				TARGETED_DEVICE_FAMILY = "1,2";
				VALIDATE_PRODUCT = YES;
			};
			name = Release;
		};
		276D82651D66D6E9008F8992 /* Debug */ = {
			isa = XCBuildConfiguration;
			buildSettings = {
				ASSETCATALOG_COMPILER_APPICON_NAME = AppIcon;
				INFOPLIST_FILE = maskView/Info.plist;
				LD_RUNPATH_SEARCH_PATHS = "$(inherited) @executable_path/Frameworks";
				PRODUCT_BUNDLE_IDENTIFIER = Mike.maskView;
				PRODUCT_NAME = "$(TARGET_NAME)";
			};
			name = Debug;
		};
		276D82661D66D6E9008F8992 /* Release */ = {
			isa = XCBuildConfiguration;
			buildSettings = {
				ASSETCATALOG_COMPILER_APPICON_NAME = AppIcon;
				INFOPLIST_FILE = maskView/Info.plist;
				LD_RUNPATH_SEARCH_PATHS = "$(inherited) @executable_path/Frameworks";
				PRODUCT_BUNDLE_IDENTIFIER = Mike.maskView;
				PRODUCT_NAME = "$(TARGET_NAME)";
			};
			name = Release;
		};
		276D82681D66D6E9008F8992 /* Debug */ = {
			isa = XCBuildConfiguration;
			buildSettings = {
				BUNDLE_LOADER = "$(TEST_HOST)";
				INFOPLIST_FILE = maskViewTests/Info.plist;
				LD_RUNPATH_SEARCH_PATHS = "$(inherited) @executable_path/Frameworks @loader_path/Frameworks";
				PRODUCT_BUNDLE_IDENTIFIER = Mike.maskViewTests;
				PRODUCT_NAME = "$(TARGET_NAME)";
				TEST_HOST = "$(BUILT_PRODUCTS_DIR)/maskView.app/maskView";
			};
			name = Debug;
		};
		276D82691D66D6E9008F8992 /* Release */ = {
			isa = XCBuildConfiguration;
			buildSettings = {
				BUNDLE_LOADER = "$(TEST_HOST)";
				INFOPLIST_FILE = maskViewTests/Info.plist;
				LD_RUNPATH_SEARCH_PATHS = "$(inherited) @executable_path/Frameworks @loader_path/Frameworks";
				PRODUCT_BUNDLE_IDENTIFIER = Mike.maskViewTests;
				PRODUCT_NAME = "$(TARGET_NAME)";
				TEST_HOST = "$(BUILT_PRODUCTS_DIR)/maskView.app/maskView";
			};
			name = Release;
		};
		276D826B1D66D6E9008F8992 /* Debug */ = {
			isa = XCBuildConfiguration;
			buildSettings = {
				INFOPLIST_FILE = maskViewUITests/Info.plist;
				LD_RUNPATH_SEARCH_PATHS = "$(inherited) @executable_path/Frameworks @loader_path/Frameworks";
				PRODUCT_BUNDLE_IDENTIFIER = Mike.maskViewUITests;
				PRODUCT_NAME = "$(TARGET_NAME)";
				TEST_TARGET_NAME = maskView;
			};
			name = Debug;
		};
		276D826C1D66D6E9008F8992 /* Release */ = {
			isa = XCBuildConfiguration;
			buildSettings = {
				INFOPLIST_FILE = maskViewUITests/Info.plist;
				LD_RUNPATH_SEARCH_PATHS = "$(inherited) @executable_path/Frameworks @loader_path/Frameworks";
				PRODUCT_BUNDLE_IDENTIFIER = Mike.maskViewUITests;
				PRODUCT_NAME = "$(TARGET_NAME)";
				TEST_TARGET_NAME = maskView;
			};
			name = Release;
		};
/* End XCBuildConfiguration section */

/* Begin XCConfigurationList section */
		276D82371D66D6E9008F8992 /* Build configuration list for PBXProject "maskView" */ = {
			isa = XCConfigurationList;
			buildConfigurations = (
				276D82621D66D6E9008F8992 /* Debug */,
				276D82631D66D6E9008F8992 /* Release */,
			);
			defaultConfigurationIsVisible = 0;
			defaultConfigurationName = Release;
		};
		276D82641D66D6E9008F8992 /* Build configuration list for PBXNativeTarget "maskView" */ = {
			isa = XCConfigurationList;
			buildConfigurations = (
				276D82651D66D6E9008F8992 /* Debug */,
				276D82661D66D6E9008F8992 /* Release */,
			);
			defaultConfigurationIsVisible = 0;
			defaultConfigurationName = Release;
		};
		276D82671D66D6E9008F8992 /* Build configuration list for PBXNativeTarget "maskViewTests" */ = {
			isa = XCConfigurationList;
			buildConfigurations = (
				276D82681D66D6E9008F8992 /* Debug */,
				276D82691D66D6E9008F8992 /* Release */,
			);
			defaultConfigurationIsVisible = 0;
			defaultConfigurationName = Release;
		};
		276D826A1D66D6E9008F8992 /* Build configuration list for PBXNativeTarget "maskViewUITests" */ = {
			isa = XCConfigurationList;
			buildConfigurations = (
				276D826B1D66D6E9008F8992 /* Debug */,
				276D826C1D66D6E9008F8992 /* Release */,
			);
			defaultConfigurationIsVisible = 0;
			defaultConfigurationName = Release;
		};
/* End XCConfigurationList section */
	};
	rootObject = 276D82341D66D6E9008F8992 /* Project object */;
}
